<Solution>
  <Configurations>
    <Platform Name="x64" />
    <Platform Name="x86" />
  </Configurations>
  <Project Path="01_引用是别名/01_引用是别名.vcxproj" Id="17c373d4-a9d1-4a89-898b-c6cc7cb1716b" />
  <Project Path="02_引用不能重新绑定/02_引用不能重新绑定.vcxproj" Id="1a0189d6-6f0b-43b4-8fc9-35c35d08f1e1" />
  <Project Path="03_值参数与引用参数/03_值参数与引用参数.vcxproj" Id="89082bdb-8c1f-426a-b14b-71a797332cfc" />
  <Project Path="04_引用交换/04_引用交换.vcxproj" Id="a0eb7e69-3c21-4d24-a17e-425f2067086f" />
  <Project Path="05_引用输出多个结果/05_引用输出多个结果.vcxproj" Id="b493bbec-be29-4a0f-bce1-3d34351a78a0" />
  <Project Path="06_悬空引用/06_悬空引用.vcxproj" Id="cbc019eb-be93-4cca-97f9-fe4e34f53cfd" />
  <Project Path="07_代码题_三个整数排序/07_代码题_三个整数排序.vcxproj" Id="590867f5-a87d-42c7-b3db-cca8e73c37e8" />
  <Project Path="08_代码题_时间分解函数/08_代码题_时间分解函数.vcxproj" Id="e299e0c7-0613-4502-a711-740be0724da5" />
  <Project Path="09_LeetCode_88_Merge_Sorted_Array/09_LeetCode_88_Merge_Sorted_Array.vcxproj" Id="05c92327-4f66-400e-91c3-b4ebca17e8d3" />
</Solution>