<Solution>
  <Configurations><Platform Name="x64" /></Configurations>
  <Project Path="01_字符串与视图实验/01_字符串与视图实验.vcxproj" Id="a681bde0-ff3e-41a6-8abf-2a54c65df111" />
  <Project Path="02_串口命令解析器_v1/02_串口命令解析器_v1.vcxproj" Id="9a3bd626-a02f-46cc-934f-75b6214c6112" />
  <Project Path="03_LeetCode_344_Reverse_String/03_LeetCode_344_Reverse_String.vcxproj" Id="895d98fe-f778-42bf-bf4d-039cd4b13113" />
  <Project Path="string有自己的文本/string有自己的文本.vcxproj" Id="077dc0af-3be6-4acb-b945-e645d84cc00c" />
  <Project Path="只借用文本string_view/只借用文本string_view.vcxproj" Id="c0a26f47-4d58-420c-b618-61a8efd58179" />
  <Project Path="示例/示例.vcxproj" Id="5e1bab4b-a932-4a0d-aff1-5e863e9f5082" />
</Solution>
